
Microsoft Visual Studio Solution File, Format Version 12.00
# Visual Studio Version 16
VisualStudioVersion = 16.0.33927.289
MinimumVisualStudioVersion = 10.0.40219.1
Project("{2150E333-8FDC-42A3-9474-1A3956D46DE8}") = "Task0", "Task0", "{5529B12A-FB2A-4220-977C-2AA51BA9DC49}"
EndProject
Project("{FAE04EC0-301F-11D3-BF4B-00C04F79EFBC}") = "Tyuiu.ShpilevayaAS.Sprint2.Task0.V22", "Tyuiu.ShpilevayaAS.Sprint2.Task0.V22\Tyuiu.ShpilevayaAS.Sprint2.Task0.V22.csproj", "{6CA142CF-FE7F-4A50-808F-C20E6F3CF852}"
EndProject
Project("{FAE04EC0-301F-11D3-BF4B-00C04F79EFBC}") = "Tyuiu.ShpilevayaAS.Sprint2.Task0.V22.Lib", "Tyuiu.ShpilevayaAS.Sprint2.Task0.V22.Lib\Tyuiu.ShpilevayaAS.Sprint2.Task0.V22.Lib.csproj", "{C465A910-AD56-4E8A-8192-9F899E04367F}"
EndProject
Project("{FAE04EC0-301F-11D3-BF4B-00C04F79EFBC}") = "Tyuiu.ShpilevayaAS.Sprint2.Task0.V22.Test", "Tyuiu.ShpilevayaAS.Sprint2.Task0.V22.Test\Tyuiu.ShpilevayaAS.Sprint2.Task0.V22.Test.csproj", "{6F5E0249-807C-4681-8A24-73BE3705F0FE}"
EndProject
Project("{2150E333-8FDC-42A3-9474-1A3956D46DE8}") = "Task1", "Task1", "{B6A45A4F-544F-466C-AA7B-7D22589600B4}"
EndProject
Project("{FAE04EC0-301F-11D3-BF4B-00C04F79EFBC}") = "Tyuiu.ShpilevayaAS.Sprint2.Task1.V16", "Tyuiu.ShpilevayaAS.Sprint2.Task1.V16\Tyuiu.ShpilevayaAS.Sprint2.Task1.V16.csproj", "{B8D0E03A-E428-4C27-9FD6-D80B1039C880}"
EndProject
Project("{FAE04EC0-301F-11D3-BF4B-00C04F79EFBC}") = "Tyuiu.ShpilevayaAS.Sprint2.Task1.V16.Lib", "Tyuiu.ShpilevayaAS.Sprint2.Task1.V16.Lib\Tyuiu.ShpilevayaAS.Sprint2.Task1.V16.Lib.csproj", "{25F22467-6CD6-44FD-8FD8-E34402974185}"
EndProject
Project("{FAE04EC0-301F-11D3-BF4B-00C04F79EFBC}") = "Tyuiu.ShpilevayaAS.Sprint2.Task1.V16.Test", "Tyuiu.ShpilevayaAS.Sprint2.Task1.V16.Test\Tyuiu.ShpilevayaAS.Sprint2.Task1.V16.Test.csproj", "{93E153CC-2506-4BFD-BA6F-F98B45D4D347}"
EndProject
Project("{2150E333-8FDC-42A3-9474-1A3956D46DE8}") = "Task2", "Task2", "{CF2C4237-3667-43C7-99FD-569178C7468B}"
EndProject
Project("{FAE04EC0-301F-11D3-BF4B-00C04F79EFBC}") = "Tyuiu.ShpilevayaAS.Sprint2.Task2.V22", "Tyuiu.ShpilevayaAS.Sprint2.Task2.V22\Tyuiu.ShpilevayaAS.Sprint2.Task2.V22.csproj", "{FE621F50-6C38-4581-BF69-1D53C06FFE98}"
EndProject
Project("{FAE04EC0-301F-11D3-BF4B-00C04F79EFBC}") = "Tyuiu.ShpilevayaAS.Sprint2.Task2.V22.Lib", "Tyuiu.ShpilevayaAS.Sprint2.Task2.V22.Lib\Tyuiu.ShpilevayaAS.Sprint2.Task2.V22.Lib.csproj", "{1FEE9ADE-6A14-4ED1-8925-59A3DC893E5B}"
EndProject
Project("{FAE04EC0-301F-11D3-BF4B-00C04F79EFBC}") = "Tyuiu.ShpilevayaAS.Sprint2.Task2.V22.Test", "Tyuiu.ShpilevayaAS.Sprint2.Task2.V22.Test\Tyuiu.ShpilevayaAS.Sprint2.Task2.V22.Test.csproj", "{9AC978A3-90F5-4B60-94CB-DD5EB79BC5B8}"
EndProject
Project("{2150E333-8FDC-42A3-9474-1A3956D46DE8}") = "Task3", "Task3", "{F0CEBF58-CA71-4BE3-BBFE-C8A9D9485DD5}"
EndProject
Project("{FAE04EC0-301F-11D3-BF4B-00C04F79EFBC}") = "Tyuiu.ShpilevayaAS.Sprint2.Task3.V24", "Tyuiu.ShpilevayaAS.Sprint2.Task3.V24\Tyuiu.ShpilevayaAS.Sprint2.Task3.V24.csproj", "{C13B6C9E-7045-41F7-A3DE-F612E02E7F8B}"
EndProject
Project("{FAE04EC0-301F-11D3-BF4B-00C04F79EFBC}") = "Tyuiu.ShpilevayaAS.Sprint2.Task3.V24.Lib", "Tyuiu.ShpilevayaAS.Sprint2.Task3.V24.Lib\Tyuiu.ShpilevayaAS.Sprint2.Task3.V24.Lib.csproj", "{0170DE06-8401-484F-B739-DF81474E2305}"
EndProject
Project("{FAE04EC0-301F-11D3-BF4B-00C04F79EFBC}") = "Tyuiu.ShpilevayaAS.Sprint2.Task3.V24.Test", "Tyuiu.ShpilevayaAS.Sprint2.Task3.V24.Test\Tyuiu.ShpilevayaAS.Sprint2.Task3.V24.Test.csproj", "{300FFDBC-2ECE-463D-BA6F-6980F6C00121}"
EndProject
Global
	GlobalSection(SolutionConfigurationPlatforms) = preSolution
		Debug|Any CPU = Debug|Any CPU
		Release|Any CPU = Release|Any CPU
	EndGlobalSection
	GlobalSection(ProjectConfigurationPlatforms) = postSolution
		{6CA142CF-FE7F-4A50-808F-C20E6F3CF852}.Debug|Any CPU.ActiveCfg = Debug|Any CPU
		{6CA142CF-FE7F-4A50-808F-C20E6F3CF852}.Debug|Any CPU.Build.0 = Debug|Any CPU
		{6CA142CF-FE7F-4A50-808F-C20E6F3CF852}.Release|Any CPU.ActiveCfg = Release|Any CPU
		{6CA142CF-FE7F-4A50-808F-C20E6F3CF852}.Release|Any CPU.Build.0 = Release|Any CPU
		{C465A910-AD56-4E8A-8192-9F899E04367F}.Debug|Any CPU.ActiveCfg = Debug|Any CPU
		{C465A910-AD56-4E8A-8192-9F899E04367F}.Debug|Any CPU.Build.0 = Debug|Any CPU
		{C465A910-AD56-4E8A-8192-9F899E04367F}.Release|Any CPU.ActiveCfg = Release|Any CPU
		{C465A910-AD56-4E8A-8192-9F899E04367F}.Release|Any CPU.Build.0 = Release|Any CPU
		{6F5E0249-807C-4681-8A24-73BE3705F0FE}.Debug|Any CPU.ActiveCfg = Debug|Any CPU
		{6F5E0249-807C-4681-8A24-73BE3705F0FE}.Debug|Any CPU.Build.0 = Debug|Any CPU
		{6F5E0249-807C-4681-8A24-73BE3705F0FE}.Release|Any CPU.ActiveCfg = Release|Any CPU
		{6F5E0249-807C-4681-8A24-73BE3705F0FE}.Release|Any CPU.Build.0 = Release|Any CPU
		{B8D0E03A-E428-4C27-9FD6-D80B1039C880}.Debug|Any CPU.ActiveCfg = Debug|Any CPU
		{B8D0E03A-E428-4C27-9FD6-D80B1039C880}.Debug|Any CPU.Build.0 = Debug|Any CPU
		{B8D0E03A-E428-4C27-9FD6-D80B1039C880}.Release|Any CPU.ActiveCfg = Release|Any CPU
		{B8D0E03A-E428-4C27-9FD6-D80B1039C880}.Release|Any CPU.Build.0 = Release|Any CPU
		{25F22467-6CD6-44FD-8FD8-E34402974185}.Debug|Any CPU.ActiveCfg = Debug|Any CPU
		{25F22467-6CD6-44FD-8FD8-E34402974185}.Debug|Any CPU.Build.0 = Debug|Any CPU
		{25F22467-6CD6-44FD-8FD8-E34402974185}.Release|Any CPU.ActiveCfg = Release|Any CPU
		{25F22467-6CD6-44FD-8FD8-E34402974185}.Release|Any CPU.Build.0 = Release|Any CPU
		{93E153CC-2506-4BFD-BA6F-F98B45D4D347}.Debug|Any CPU.ActiveCfg = Debug|Any CPU
		{93E153CC-2506-4BFD-BA6F-F98B45D4D347}.Debug|Any CPU.Build.0 = Debug|Any CPU
		{93E153CC-2506-4BFD-BA6F-F98B45D4D347}.Release|Any CPU.ActiveCfg = Release|Any CPU
		{93E153CC-2506-4BFD-BA6F-F98B45D4D347}.Release|Any CPU.Build.0 = Release|Any CPU
		{FE621F50-6C38-4581-BF69-1D53C06FFE98}.Debug|Any CPU.ActiveCfg = Debug|Any CPU
		{FE621F50-6C38-4581-BF69-1D53C06FFE98}.Debug|Any CPU.Build.0 = Debug|Any CPU
		{FE621F50-6C38-4581-BF69-1D53C06FFE98}.Release|Any CPU.ActiveCfg = Release|Any CPU
		{FE621F50-6C38-4581-BF69-1D53C06FFE98}.Release|Any CPU.Build.0 = Release|Any CPU
		{1FEE9ADE-6A14-4ED1-8925-59A3DC893E5B}.Debug|Any CPU.ActiveCfg = Debug|Any CPU
		{1FEE9ADE-6A14-4ED1-8925-59A3DC893E5B}.Debug|Any CPU.Build.0 = Debug|Any CPU
		{1FEE9ADE-6A14-4ED1-8925-59A3DC893E5B}.Release|Any CPU.ActiveCfg = Release|Any CPU
		{1FEE9ADE-6A14-4ED1-8925-59A3DC893E5B}.Release|Any CPU.Build.0 = Release|Any CPU
		{9AC978A3-90F5-4B60-94CB-DD5EB79BC5B8}.Debug|Any CPU.ActiveCfg = Debug|Any CPU
		{9AC978A3-90F5-4B60-94CB-DD5EB79BC5B8}.Debug|Any CPU.Build.0 = Debug|Any CPU
		{9AC978A3-90F5-4B60-94CB-DD5EB79BC5B8}.Release|Any CPU.ActiveCfg = Release|Any CPU
		{9AC978A3-90F5-4B60-94CB-DD5EB79BC5B8}.Release|Any CPU.Build.0 = Release|Any CPU
		{C13B6C9E-7045-41F7-A3DE-F612E02E7F8B}.Debug|Any CPU.ActiveCfg = Debug|Any CPU
		{C13B6C9E-7045-41F7-A3DE-F612E02E7F8B}.Debug|Any CPU.Build.0 = Debug|Any CPU
		{C13B6C9E-7045-41F7-A3DE-F612E02E7F8B}.Release|Any CPU.ActiveCfg = Release|Any CPU
		{C13B6C9E-7045-41F7-A3DE-F612E02E7F8B}.Release|Any CPU.Build.0 = Release|Any CPU
		{0170DE06-8401-484F-B739-DF81474E2305}.Debug|Any CPU.ActiveCfg = Debug|Any CPU
		{0170DE06-8401-484F-B739-DF81474E2305}.Debug|Any CPU.Build.0 = Debug|Any CPU
		{0170DE06-8401-484F-B739-DF81474E2305}.Release|Any CPU.ActiveCfg = Release|Any CPU
		{0170DE06-8401-484F-B739-DF81474E2305}.Release|Any CPU.Build.0 = Release|Any CPU
		{300FFDBC-2ECE-463D-BA6F-6980F6C00121}.Debug|Any CPU.ActiveCfg = Debug|Any CPU
		{300FFDBC-2ECE-463D-BA6F-6980F6C00121}.Debug|Any CPU.Build.0 = Debug|Any CPU
		{300FFDBC-2ECE-463D-BA6F-6980F6C00121}.Release|Any CPU.ActiveCfg = Release|Any CPU
		{300FFDBC-2ECE-463D-BA6F-6980F6C00121}.Release|Any CPU.Build.0 = Release|Any CPU
	EndGlobalSection
	GlobalSection(SolutionProperties) = preSolution
		HideSolutionNode = FALSE
	EndGlobalSection
	GlobalSection(NestedProjects) = preSolution
		{6CA142CF-FE7F-4A50-808F-C20E6F3CF852} = {5529B12A-FB2A-4220-977C-2AA51BA9DC49}
		{C465A910-AD56-4E8A-8192-9F899E04367F} = {5529B12A-FB2A-4220-977C-2AA51BA9DC49}
		{6F5E0249-807C-4681-8A24-73BE3705F0FE} = {5529B12A-FB2A-4220-977C-2AA51BA9DC49}
		{B8D0E03A-E428-4C27-9FD6-D80B1039C880} = {B6A45A4F-544F-466C-AA7B-7D22589600B4}
		{25F22467-6CD6-44FD-8FD8-E34402974185} = {B6A45A4F-544F-466C-AA7B-7D22589600B4}
		{93E153CC-2506-4BFD-BA6F-F98B45D4D347} = {B6A45A4F-544F-466C-AA7B-7D22589600B4}
		{FE621F50-6C38-4581-BF69-1D53C06FFE98} = {CF2C4237-3667-43C7-99FD-569178C7468B}
		{1FEE9ADE-6A14-4ED1-8925-59A3DC893E5B} = {CF2C4237-3667-43C7-99FD-569178C7468B}
		{9AC978A3-90F5-4B60-94CB-DD5EB79BC5B8} = {CF2C4237-3667-43C7-99FD-569178C7468B}
		{C13B6C9E-7045-41F7-A3DE-F612E02E7F8B} = {F0CEBF58-CA71-4BE3-BBFE-C8A9D9485DD5}
		{0170DE06-8401-484F-B739-DF81474E2305} = {F0CEBF58-CA71-4BE3-BBFE-C8A9D9485DD5}
		{300FFDBC-2ECE-463D-BA6F-6980F6C00121} = {F0CEBF58-CA71-4BE3-BBFE-C8A9D9485DD5}
	EndGlobalSection
	GlobalSection(ExtensibilityGlobals) = postSolution
		SolutionGuid = {39B9E0B9-7774-42D2-B984-2B5B83AA80BC}
	EndGlobalSection
EndGlobal
